
Microsoft Visual Studio Solution File, Format Version 12.00
# Visual Studio Version 16
VisualStudioVersion = 16.0.29230.47
MinimumVisualStudioVersion = 10.0.40219.1
Project("{FAE04EC0-301F-11D3-BF4B-00C04F79EFBC}") = "WebDemoRepoTesti", "WebDemoRepoTesti\WebDemoRepoTesti.csproj", "{82679820-9581-44C5-B4A5-4DDCF74BFEDE}"
EndProject
Global
	GlobalSection(SolutionConfigurationPlatforms) = preSolution
		Debug|Any CPU = Debug|Any CPU
		Release|Any CPU = Release|Any CPU
	EndGlobalSection
	GlobalSection(ProjectConfigurationPlatforms) = postSolution
		{82679820-9581-44C5-B4A5-4DDCF74BFEDE}.Debug|Any CPU.ActiveCfg = Debug|Any CPU
		{82679820-9581-44C5-B4A5-4DDCF74BFEDE}.Debug|Any CPU.Build.0 = Debug|Any CPU
		{82679820-9581-44C5-B4A5-4DDCF74BFEDE}.Release|Any CPU.ActiveCfg = Release|Any CPU
		{82679820-9581-44C5-B4A5-4DDCF74BFEDE}.Release|Any CPU.Build.0 = Release|Any CPU
	EndGlobalSection
	GlobalSection(SolutionProperties) = preSolution
		HideSolutionNode = FALSE
	EndGlobalSection
	GlobalSection(ExtensibilityGlobals) = postSolution
		SolutionGuid = {5BFF19AE-026E-4DDD-AA59-DE6A14D64F11}
	EndGlobalSection
EndGlobal
